// !$*UTF8*$!
{
	archiveVersion = 1;
	classes = {
	};
	objectVersion = 46;
	objects = {

/* Begin PBXBuildFile section */

##{util.xcbuildfile(gmp.srcs)}##

		5079AEF51D771ECD0039CB61 /* Assets.xcassets in Resources */ = {isa = PBXBuildFile; fileRef = 5079AEF41D771ECD0039CB61 /* Images.xcassets */; };
/* End PBXBuildFile section */

/* Begin PBXFileReference section */
		5079AEE51D771ECD0039CB61 /* testapp.app */ = {isa = PBXFileReference; explicitFileType = wrapper.application; includeInIndex = 0; path = ##{gmp.target}##.app; sourceTree = BUILT_PRODUCTS_DIR; };

##{util.xcfileref(gmp.srcs)}## 
##{util.xcfileref(gmp.headers)}## 		
		5079AEF41D771ECD0039CB61 /* Assets.xcassets */ = {isa = PBXFileReference; lastKnownFileType = folder.assetcatalog; name = Images.xcassets; path = res/Images.xcassets; sourceTree = "<group>"; };
		5079AEF91D771ECD0039CB61 /* Info.plist */ = {isa = PBXFileReference; lastKnownFileType = text.plist.xml; name = Info.plist; path = res/Info.plist; sourceTree = "<group>"; };
/* End PBXFileReference section */

/* Begin PBXFrameworksBuildPhase section */
		5079AEE21D771ECD0039CB61 /* Frameworks */ = {
			isa = PBXFrameworksBuildPhase;
			buildActionMask = 2147483647;
			files = (

			);
			runOnlyForDeploymentPostprocessing = 0;
		};
/* End PBXFrameworksBuildPhase section */

/* Begin PBXGroup section */
		5079AEDC1D771ECD0039CB61 = {
			isa = PBXGroup;
			children = (
				5079AF041D7724330039CB61 /* Library */,
				5079AEFF1D771F1D0039CB61 /* Resource */,
				5079AEE71D771ECD0039CB61 /* Source */,
				5079AEE61D771ECD0039CB61 /* Products */,
			);
			sourceTree = "<group>";
		};
		5079AEE61D771ECD0039CB61 /* Products */ = {
			isa = PBXGroup;
			children = (
				5079AEE51D771ECD0039CB61 /* testapp.app */,
			);
			name = Products;
			sourceTree = "<group>";
		};
		5079AEE71D771ECD0039CB61 /* Source */ = {
			isa = PBXGroup;
			children = (
##{            
for(i in gmp.srcs){
    out += "\t\t\t\t" + util.xcrefid(gmp.srcs[i]) + ",\n";
} 
for(i in gmp.headers){
    out += "\t\t\t\t" + util.xcrefid(gmp.headers[i]) + ",\n";
} 
}##
			);
			name = Source;			
			sourceTree = "<group>";
		};
		5079AEFF1D771F1D0039CB61 /* Resource */ = {
			isa = PBXGroup;
			children = (
				5079AEF41D771ECD0039CB61 /* Assets.xcassets */,
				5079AEF91D771ECD0039CB61 /* Info.plist */,
			);
			name = Resource;
			sourceTree = "<group>";
		};
		5079AF041D7724330039CB61 /* Library */ = {
			isa = PBXGroup;
			children = (
				
			);
			name = Library;
			sourceTree = "<group>";
		};
/* End PBXGroup section */

/* Begin PBXNativeTarget section */
		5079AEE41D771ECD0039CB61 /* testapp */ = {
			isa = PBXNativeTarget;
			buildConfigurationList = 5079AEFC1D771ECD0039CB61 /* Build configuration list for PBXNativeTarget "testapp" */;
			buildPhases = (
				5079AEE11D771ECD0039CB61 /* Sources */,
				5079AEE21D771ECD0039CB61 /* Frameworks */,
				5079AEE31D771ECD0039CB61 /* Resources */,
			);
			buildRules = (
			);
			dependencies = (
			);
			name = ##{gmp.target}##;
			productName = ##{gmp.target}##;
			productReference = 5079AEE51D771ECD0039CB61 /* testapp.app */;
			productType = "com.apple.product-type.application";
		};
/* End PBXNativeTarget section */

/* Begin PBXProject section */
		5079AEDD1D771ECD0039CB61 /* Project object */ = {
			isa = PBXProject;
			attributes = {
				LastUpgradeCheck = 0730;	
				
			};
			buildConfigurationList = 5079AEE01D771ECD0039CB61 /* Build configuration list for PBXProject "testapp" */;
			compatibilityVersion = "Xcode 3.2";
			developmentRegion = English;
			hasScannedForEncodings = 0;
			knownRegions = (
				en,
			);
			mainGroup = 5079AEDC1D771ECD0039CB61;
			productRefGroup = 5079AEE61D771ECD0039CB61 /* Products */;
			projectDirPath = "";
			projectRoot = "";
			targets = (
				5079AEE41D771ECD0039CB61 /* testapp */,
			);
		};
/* End PBXProject section */

/* Begin PBXResourcesBuildPhase section */
		5079AEE31D771ECD0039CB61 /* Resources */ = {
			isa = PBXResourcesBuildPhase;
			buildActionMask = 2147483647;
			files = (
				5079AEF51D771ECD0039CB61 /* Assets.xcassets in Resources */,
			);
			runOnlyForDeploymentPostprocessing = 0;
		};
/* End PBXResourcesBuildPhase section */

/* Begin PBXSourcesBuildPhase section */
		5079AEE11D771ECD0039CB61 /* Sources */ = {
			isa = PBXSourcesBuildPhase;
			buildActionMask = 2147483647;
			files = (
##{            
for(i in gmp.srcs){
    out += "\t\t\t\t" + util.xcid(gmp.srcs[i]) + ",\n";
} 
}##
			);
			runOnlyForDeploymentPostprocessing = 0;
		};
/* End PBXSourcesBuildPhase section */

/* Begin XCBuildConfiguration section */
		5079AEFA1D771ECD0039CB61 /* Debug */ = {
			isa = XCBuildConfiguration;
			buildSettings = {
				ALWAYS_SEARCH_USER_PATHS = NO;
				CLANG_ANALYZER_NONNULL = YES;
				CLANG_CXX_LANGUAGE_STANDARD = "gnu++0x";
				CLANG_CXX_LIBRARY = "libc++";
				CLANG_ENABLE_MODULES = YES;
				CLANG_ENABLE_OBJC_ARC = YES;
				CLANG_WARN_BOOL_CONVERSION = YES;
				CLANG_WARN_CONSTANT_CONVERSION = YES;
				CLANG_WARN_DIRECT_OBJC_ISA_USAGE = YES_ERROR;
				CLANG_WARN_EMPTY_BODY = YES;
				CLANG_WARN_ENUM_CONVERSION = YES;
				CLANG_WARN_INT_CONVERSION = YES;
				CLANG_WARN_OBJC_ROOT_CLASS = YES_ERROR;
				CLANG_WARN_UNREACHABLE_CODE = YES;
				CLANG_WARN__DUPLICATE_METHOD_MATCH = YES;
				"CODE_SIGN_IDENTITY[sdk=iphoneos*]" = "iPhone Developer";
				COPY_PHASE_STRIP = NO;
				DEBUG_INFORMATION_FORMAT = dwarf;
				ENABLE_STRICT_OBJC_MSGSEND = YES;
				ENABLE_TESTABILITY = YES;
				GCC_C_LANGUAGE_STANDARD = gnu99;
				GCC_DYNAMIC_NO_PIC = NO;
				GCC_NO_COMMON_BLOCKS = YES;
				GCC_OPTIMIZATION_LEVEL = 0;
				GCC_PREPROCESSOR_DEFINITIONS = (
					"DEBUG=1",
					"$(inherited)",
				);
				GCC_WARN_64_TO_32_BIT_CONVERSION = YES;
				GCC_WARN_ABOUT_RETURN_TYPE = YES_ERROR;
				GCC_WARN_UNDECLARED_SELECTOR = YES;
				GCC_WARN_UNINITIALIZED_AUTOS = YES_AGGRESSIVE;
				GCC_WARN_UNUSED_FUNCTION = YES;
				GCC_WARN_UNUSED_VARIABLE = YES;
				IPHONEOS_DEPLOYMENT_TARGET = 9.3;
				MTL_ENABLE_DEBUG_INFO = YES;
				ONLY_ACTIVE_ARCH = YES;
				SDKROOT = iphoneos;
				TARGETED_DEVICE_FAMILY = "1,2";
			};
			name = Debug;
		};
		5079AEFB1D771ECD0039CB61 /* Release */ = {
			isa = XCBuildConfiguration;
			buildSettings = {
				ALWAYS_SEARCH_USER_PATHS = NO;
				CLANG_ANALYZER_NONNULL = YES;
				CLANG_CXX_LANGUAGE_STANDARD = "gnu++0x";
				CLANG_CXX_LIBRARY = "libc++";
				CLANG_ENABLE_MODULES = YES;
				CLANG_ENABLE_OBJC_ARC = YES;
				CLANG_WARN_BOOL_CONVERSION = YES;
				CLANG_WARN_CONSTANT_CONVERSION = YES;
				CLANG_WARN_DIRECT_OBJC_ISA_USAGE = YES_ERROR;
				CLANG_WARN_EMPTY_BODY = YES;
				CLANG_WARN_ENUM_CONVERSION = YES;
				CLANG_WARN_INT_CONVERSION = YES;
				CLANG_WARN_OBJC_ROOT_CLASS = YES_ERROR;
				CLANG_WARN_UNREACHABLE_CODE = YES;
				CLANG_WARN__DUPLICATE_METHOD_MATCH = YES;
				"CODE_SIGN_IDENTITY[sdk=iphoneos*]" = "iPhone Developer";
				COPY_PHASE_STRIP = NO;
				DEBUG_INFORMATION_FORMAT = "dwarf-with-dsym";
				ENABLE_NS_ASSERTIONS = NO;
				ENABLE_STRICT_OBJC_MSGSEND = YES;
				GCC_C_LANGUAGE_STANDARD = gnu99;
				GCC_NO_COMMON_BLOCKS = YES;
				GCC_WARN_64_TO_32_BIT_CONVERSION = YES;
				GCC_WARN_ABOUT_RETURN_TYPE = YES_ERROR;
				GCC_WARN_UNDECLARED_SELECTOR = YES;
				GCC_WARN_UNINITIALIZED_AUTOS = YES_AGGRESSIVE;
				GCC_WARN_UNUSED_FUNCTION = YES;
				GCC_WARN_UNUSED_VARIABLE = YES;
				IPHONEOS_DEPLOYMENT_TARGET = 9.3;
				MTL_ENABLE_DEBUG_INFO = NO;
				SDKROOT = iphoneos;
				TARGETED_DEVICE_FAMILY = "1,2";
				VALIDATE_PRODUCT = YES;
			};
			name = Release;
		};
		5079AEFD1D771ECD0039CB61 /* Debug */ = {
			isa = XCBuildConfiguration;
			buildSettings = {
				ASSETCATALOG_COMPILER_APPICON_NAME = AppIcon;
				INFOPLIST_FILE = res/Info.plist;
				LD_RUNPATH_SEARCH_PATHS = "$(inherited) @executable_path/Frameworks";
				PRODUCT_BUNDLE_IDENTIFIER = ##{gmp.package}##;
				PRODUCT_NAME = "$(TARGET_NAME)";
			};
			name = Debug;
		};
		5079AEFE1D771ECD0039CB61 /* Release */ = {
			isa = XCBuildConfiguration;
			buildSettings = {
				ASSETCATALOG_COMPILER_APPICON_NAME = AppIcon;
				INFOPLIST_FILE = res/Info.plist;
				LD_RUNPATH_SEARCH_PATHS = "$(inherited) @executable_path/Frameworks";
				PRODUCT_BUNDLE_IDENTIFIER = ##{gmp.package}##;
				PRODUCT_NAME = "$(TARGET_NAME)";
			};
			name = Release;
		};
/* End XCBuildConfiguration section */

/* Begin XCConfigurationList section */
		5079AEE01D771ECD0039CB61 /* Build configuration list for PBXProject "testapp" */ = {
			isa = XCConfigurationList;
			buildConfigurations = (
				5079AEFA1D771ECD0039CB61 /* Debug */,
				5079AEFB1D771ECD0039CB61 /* Release */,
			);
			defaultConfigurationIsVisible = 0;
			defaultConfigurationName = Release;
		};
		5079AEFC1D771ECD0039CB61 /* Build configuration list for PBXNativeTarget "testapp" */ = {
			isa = XCConfigurationList;
			buildConfigurations = (
				5079AEFD1D771ECD0039CB61 /* Debug */,
				5079AEFE1D771ECD0039CB61 /* Release */,
			);
			defaultConfigurationIsVisible = 0;
		};
/* End XCConfigurationList section */
	};
	rootObject = 5079AEDD1D771ECD0039CB61 /* Project object */;
}
